
Microsoft Visual Studio Solution File, Format Version 12.00
# Visual Studio Version 16
VisualStudioVersion = 16.0.30413.136
MinimumVisualStudioVersion = 10.0.40219.1
Project("{FAE04EC0-301F-11D3-BF4B-00C04F79EFBC}") = "ITSZO.Simulcion.Consola", "ITSZO.Simulcion.Consola\ITSZO.Simulcion.Consola.csproj", "{C73CCE65-B853-4BC8-A9A5-81187C377507}"
EndProject
Project("{FAE04EC0-301F-11D3-BF4B-00C04F79EFBC}") = "ITSZO.Simulacion.Library", "ITSZO.Simulacion.Library\ITSZO.Simulacion.Library.csproj", "{25E23848-8BC7-43F6-8EEC-29A5429FAAB9}"
EndProject
Global
	GlobalSection(SolutionConfigurationPlatforms) = preSolution
		Debug|Any CPU = Debug|Any CPU
		Release|Any CPU = Release|Any CPU
	EndGlobalSection
	GlobalSection(ProjectConfigurationPlatforms) = postSolution
		{C73CCE65-B853-4BC8-A9A5-81187C377507}.Debug|Any CPU.ActiveCfg = Debug|Any CPU
		{C73CCE65-B853-4BC8-A9A5-81187C377507}.Debug|Any CPU.Build.0 = Debug|Any CPU
		{C73CCE65-B853-4BC8-A9A5-81187C377507}.Release|Any CPU.ActiveCfg = Release|Any CPU
		{C73CCE65-B853-4BC8-A9A5-81187C377507}.Release|Any CPU.Build.0 = Release|Any CPU
		{25E23848-8BC7-43F6-8EEC-29A5429FAAB9}.Debug|Any CPU.ActiveCfg = Debug|Any CPU
		{25E23848-8BC7-43F6-8EEC-29A5429FAAB9}.Debug|Any CPU.Build.0 = Debug|Any CPU
		{25E23848-8BC7-43F6-8EEC-29A5429FAAB9}.Release|Any CPU.ActiveCfg = Release|Any CPU
		{25E23848-8BC7-43F6-8EEC-29A5429FAAB9}.Release|Any CPU.Build.0 = Release|Any CPU
	EndGlobalSection
	GlobalSection(SolutionProperties) = preSolution
		HideSolutionNode = FALSE
	EndGlobalSection
	GlobalSection(ExtensibilityGlobals) = postSolution
		SolutionGuid = {ED1B89D0-3E6E-4E03-B55D-03114F80FDAF}
	EndGlobalSection
EndGlobal
